// !$*UTF8*$!
{
	archiveVersion = 1;
	classes = {
	};
	objectVersion = 55;
	objects = {

/* Begin PBXBuildFile section */
		DB1BBD192716D0A100BFC2A2 /* Extensions.swift in Sources */ = {isa = PBXBuildFile; fileRef = DB1BBD182716D0A100BFC2A2 /* Extensions.swift */; };
		DBB1989F26FDC4CF00839C68 /* AppDelegate.swift in Sources */ = {isa = PBXBuildFile; fileRef = DBB1989E26FDC4CF00839C68 /* AppDelegate.swift */; };
		DBB198A126FDC4CF00839C68 /* SceneDelegate.swift in Sources */ = {isa = PBXBuildFile; fileRef = DBB198A026FDC4CF00839C68 /* SceneDelegate.swift */; };
		DBB198A326FDC4CF00839C68 /* HomeViewController.swift in Sources */ = {isa = PBXBuildFile; fileRef = DBB198A226FDC4CF00839C68 /* HomeViewController.swift */; };
		DBB198A826FDC4D100839C68 /* Assets.xcassets in Resources */ = {isa = PBXBuildFile; fileRef = DBB198A726FDC4D100839C68 /* Assets.xcassets */; };
		DBB198AB26FDC4D100839C68 /* LaunchScreen.storyboard in Resources */ = {isa = PBXBuildFile; fileRef = DBB198A926FDC4D100839C68 /* LaunchScreen.storyboard */; };
		DBB198B926FDC58E00839C68 /* SearchViewController.swift in Sources */ = {isa = PBXBuildFile; fileRef = DBB198B826FDC58E00839C68 /* SearchViewController.swift */; };
		DBB198BB26FDC5A400839C68 /* LibraryViewController.swift in Sources */ = {isa = PBXBuildFile; fileRef = DBB198BA26FDC5A400839C68 /* LibraryViewController.swift */; };
		DBB198BD26FDC60F00839C68 /* TabBarViewController.swift in Sources */ = {isa = PBXBuildFile; fileRef = DBB198BC26FDC60F00839C68 /* TabBarViewController.swift */; };
		DBB198C126FDC6B700839C68 /* AuthViewController.swift in Sources */ = {isa = PBXBuildFile; fileRef = DBB198C026FDC6B700839C68 /* AuthViewController.swift */; };
		DBB198C326FDC6C200839C68 /* WelcomeViewController.swift in Sources */ = {isa = PBXBuildFile; fileRef = DBB198C226FDC6C200839C68 /* WelcomeViewController.swift */; };
		DBB198C526FDC6CF00839C68 /* SettingsViewController.swift in Sources */ = {isa = PBXBuildFile; fileRef = DBB198C426FDC6CF00839C68 /* SettingsViewController.swift */; };
		DBB198C726FDC6D900839C68 /* ProfileViewController.swift in Sources */ = {isa = PBXBuildFile; fileRef = DBB198C626FDC6D900839C68 /* ProfileViewController.swift */; };
		DBB198C926FDC6E800839C68 /* PlayerViewController.swift in Sources */ = {isa = PBXBuildFile; fileRef = DBB198C826FDC6E800839C68 /* PlayerViewController.swift */; };
		DBB198CB26FDC6F300839C68 /* PlaylistViewController.swift in Sources */ = {isa = PBXBuildFile; fileRef = DBB198CA26FDC6F300839C68 /* PlaylistViewController.swift */; };
		DBB198CD26FDC70000839C68 /* SearchResultsViewController.swift in Sources */ = {isa = PBXBuildFile; fileRef = DBB198CC26FDC70000839C68 /* SearchResultsViewController.swift */; };
		DBB198CF26FDC74200839C68 /* AuthManager.swift in Sources */ = {isa = PBXBuildFile; fileRef = DBB198CE26FDC74200839C68 /* AuthManager.swift */; };
		DBB198D126FDC74B00839C68 /* APICaller.swift in Sources */ = {isa = PBXBuildFile; fileRef = DBB198D026FDC74B00839C68 /* APICaller.swift */; };
		DBB198D326FDC75400839C68 /* HapticsManager.swift in Sources */ = {isa = PBXBuildFile; fileRef = DBB198D226FDC75400839C68 /* HapticsManager.swift */; };
		DBB198D526FDC79600839C68 /* Playlist.swift in Sources */ = {isa = PBXBuildFile; fileRef = DBB198D426FDC79600839C68 /* Playlist.swift */; };
		DBB198D726FDC7A200839C68 /* AudioTrack.swift in Sources */ = {isa = PBXBuildFile; fileRef = DBB198D626FDC7A200839C68 /* AudioTrack.swift */; };
		DBB198D926FDC7A900839C68 /* Artist.swift in Sources */ = {isa = PBXBuildFile; fileRef = DBB198D826FDC7A900839C68 /* Artist.swift */; };
		DBB198DB26FDC7AF00839C68 /* UserProfile.swift in Sources */ = {isa = PBXBuildFile; fileRef = DBB198DA26FDC7AF00839C68 /* UserProfile.swift */; };
/* End PBXBuildFile section */

/* Begin PBXFileReference section */
		DB1BBD182716D0A100BFC2A2 /* Extensions.swift */ = {isa = PBXFileReference; lastKnownFileType = sourcecode.swift; path = Extensions.swift; sourceTree = "<group>"; };
		DBB1989B26FDC4CF00839C68 /* SpotifyYoutube.app */ = {isa = PBXFileReference; explicitFileType = wrapper.application; includeInIndex = 0; path = SpotifyYoutube.app; sourceTree = BUILT_PRODUCTS_DIR; };
		DBB1989E26FDC4CF00839C68 /* AppDelegate.swift */ = {isa = PBXFileReference; lastKnownFileType = sourcecode.swift; path = AppDelegate.swift; sourceTree = "<group>"; };
		DBB198A026FDC4CF00839C68 /* SceneDelegate.swift */ = {isa = PBXFileReference; lastKnownFileType = sourcecode.swift; path = SceneDelegate.swift; sourceTree = "<group>"; };
		DBB198A226FDC4CF00839C68 /* HomeViewController.swift */ = {isa = PBXFileReference; lastKnownFileType = sourcecode.swift; path = HomeViewController.swift; sourceTree = "<group>"; };
		DBB198A726FDC4D100839C68 /* Assets.xcassets */ = {isa = PBXFileReference; lastKnownFileType = folder.assetcatalog; path = Assets.xcassets; sourceTree = "<group>"; };
		DBB198AA26FDC4D100839C68 /* Base */ = {isa = PBXFileReference; lastKnownFileType = file.storyboard; name = Base; path = Base.lproj/LaunchScreen.storyboard; sourceTree = "<group>"; };
		DBB198AC26FDC4D100839C68 /* Info.plist */ = {isa = PBXFileReference; lastKnownFileType = text.plist.xml; path = Info.plist; sourceTree = "<group>"; };
		DBB198B826FDC58E00839C68 /* SearchViewController.swift */ = {isa = PBXFileReference; lastKnownFileType = sourcecode.swift; path = SearchViewController.swift; sourceTree = "<group>"; };
		DBB198BA26FDC5A400839C68 /* LibraryViewController.swift */ = {isa = PBXFileReference; lastKnownFileType = sourcecode.swift; path = LibraryViewController.swift; sourceTree = "<group>"; };
		DBB198BC26FDC60F00839C68 /* TabBarViewController.swift */ = {isa = PBXFileReference; lastKnownFileType = sourcecode.swift; path = TabBarViewController.swift; sourceTree = "<group>"; };
		DBB198C026FDC6B700839C68 /* AuthViewController.swift */ = {isa = PBXFileReference; lastKnownFileType = sourcecode.swift; path = AuthViewController.swift; sourceTree = "<group>"; };
		DBB198C226FDC6C200839C68 /* WelcomeViewController.swift */ = {isa = PBXFileReference; lastKnownFileType = sourcecode.swift; path = WelcomeViewController.swift; sourceTree = "<group>"; };
		DBB198C426FDC6CF00839C68 /* SettingsViewController.swift */ = {isa = PBXFileReference; lastKnownFileType = sourcecode.swift; path = SettingsViewController.swift; sourceTree = "<group>"; };
		DBB198C626FDC6D900839C68 /* ProfileViewController.swift */ = {isa = PBXFileReference; lastKnownFileType = sourcecode.swift; path = ProfileViewController.swift; sourceTree = "<group>"; };
		DBB198C826FDC6E800839C68 /* PlayerViewController.swift */ = {isa = PBXFileReference; lastKnownFileType = sourcecode.swift; path = PlayerViewController.swift; sourceTree = "<group>"; };
		DBB198CA26FDC6F300839C68 /* PlaylistViewController.swift */ = {isa = PBXFileReference; lastKnownFileType = sourcecode.swift; path = PlaylistViewController.swift; sourceTree = "<group>"; };
		DBB198CC26FDC70000839C68 /* SearchResultsViewController.swift */ = {isa = PBXFileReference; lastKnownFileType = sourcecode.swift; path = SearchResultsViewController.swift; sourceTree = "<group>"; };
		DBB198CE26FDC74200839C68 /* AuthManager.swift */ = {isa = PBXFileReference; lastKnownFileType = sourcecode.swift; path = AuthManager.swift; sourceTree = "<group>"; };
		DBB198D026FDC74B00839C68 /* APICaller.swift */ = {isa = PBXFileReference; lastKnownFileType = sourcecode.swift; path = APICaller.swift; sourceTree = "<group>"; };
		DBB198D226FDC75400839C68 /* HapticsManager.swift */ = {isa = PBXFileReference; lastKnownFileType = sourcecode.swift; path = HapticsManager.swift; sourceTree = "<group>"; };
		DBB198D426FDC79600839C68 /* Playlist.swift */ = {isa = PBXFileReference; lastKnownFileType = sourcecode.swift; path = Playlist.swift; sourceTree = "<group>"; };
		DBB198D626FDC7A200839C68 /* AudioTrack.swift */ = {isa = PBXFileReference; lastKnownFileType = sourcecode.swift; path = AudioTrack.swift; sourceTree = "<group>"; };
		DBB198D826FDC7A900839C68 /* Artist.swift */ = {isa = PBXFileReference; lastKnownFileType = sourcecode.swift; path = Artist.swift; sourceTree = "<group>"; };
		DBB198DA26FDC7AF00839C68 /* UserProfile.swift */ = {isa = PBXFileReference; lastKnownFileType = sourcecode.swift; path = UserProfile.swift; sourceTree = "<group>"; };
/* End PBXFileReference section */

/* Begin PBXFrameworksBuildPhase section */
		DBB1989826FDC4CF00839C68 /* Frameworks */ = {
			isa = PBXFrameworksBuildPhase;
			buildActionMask = 2147483647;
			files = (
			);
			runOnlyForDeploymentPostprocessing = 0;
		};
/* End PBXFrameworksBuildPhase section */

/* Begin PBXGroup section */
		DBB1989226FDC4CF00839C68 = {
			isa = PBXGroup;
			children = (
				DBB1989D26FDC4CF00839C68 /* SpotifyYoutube */,
				DBB1989C26FDC4CF00839C68 /* Products */,
			);
			sourceTree = "<group>";
		};
		DBB1989C26FDC4CF00839C68 /* Products */ = {
			isa = PBXGroup;
			children = (
				DBB1989B26FDC4CF00839C68 /* SpotifyYoutube.app */,
			);
			name = Products;
			sourceTree = "<group>";
		};
		DBB1989D26FDC4CF00839C68 /* SpotifyYoutube */ = {
			isa = PBXGroup;
			children = (
				DBB198B726FDC51500839C68 /* Resources */,
				DBB198B626FDC50C00839C68 /* Managers */,
				DBB198B526FDC50500839C68 /* ViewModels */,
				DBB198B426FDC4FB00839C68 /* Models */,
				DBB198B326FDC4F400839C68 /* Views */,
				DBB198B226FDC4EC00839C68 /* Controllers */,
				DBB198AC26FDC4D100839C68 /* Info.plist */,
			);
			path = SpotifyYoutube;
			sourceTree = "<group>";
		};
		DBB198B226FDC4EC00839C68 /* Controllers */ = {
			isa = PBXGroup;
			children = (
				DBB198BF26FDC69700839C68 /* Others */,
				DBB198BE26FDC61800839C68 /* Core */,
			);
			path = Controllers;
			sourceTree = "<group>";
		};
		DBB198B326FDC4F400839C68 /* Views */ = {
			isa = PBXGroup;
			children = (
				DBB198A926FDC4D100839C68 /* LaunchScreen.storyboard */,
			);
			path = Views;
			sourceTree = "<group>";
		};
		DBB198B426FDC4FB00839C68 /* Models */ = {
			isa = PBXGroup;
			children = (
				DBB198D426FDC79600839C68 /* Playlist.swift */,
				DBB198D626FDC7A200839C68 /* AudioTrack.swift */,
				DBB198D826FDC7A900839C68 /* Artist.swift */,
				DBB198DA26FDC7AF00839C68 /* UserProfile.swift */,
			);
			path = Models;
			sourceTree = "<group>";
		};
		DBB198B526FDC50500839C68 /* ViewModels */ = {
			isa = PBXGroup;
			children = (
			);
			path = ViewModels;
			sourceTree = "<group>";
		};
		DBB198B626FDC50C00839C68 /* Managers */ = {
			isa = PBXGroup;
			children = (
				DBB198CE26FDC74200839C68 /* AuthManager.swift */,
				DBB198D026FDC74B00839C68 /* APICaller.swift */,
				DBB198D226FDC75400839C68 /* HapticsManager.swift */,
			);
			path = Managers;
			sourceTree = "<group>";
		};
		DBB198B726FDC51500839C68 /* Resources */ = {
			isa = PBXGroup;
			children = (
				DBB198A726FDC4D100839C68 /* Assets.xcassets */,
				DBB1989E26FDC4CF00839C68 /* AppDelegate.swift */,
				DBB198A026FDC4CF00839C68 /* SceneDelegate.swift */,
				DB1BBD182716D0A100BFC2A2 /* Extensions.swift */,
			);
			path = Resources;
			sourceTree = "<group>";
		};
		DBB198BE26FDC61800839C68 /* Core */ = {
			isa = PBXGroup;
			children = (
				DBB198A226FDC4CF00839C68 /* HomeViewController.swift */,
				DBB198B826FDC58E00839C68 /* SearchViewController.swift */,
				DBB198BA26FDC5A400839C68 /* LibraryViewController.swift */,
				DBB198BC26FDC60F00839C68 /* TabBarViewController.swift */,
			);
			path = Core;
			sourceTree = "<group>";
		};
		DBB198BF26FDC69700839C68 /* Others */ = {
			isa = PBXGroup;
			children = (
				DBB198C026FDC6B700839C68 /* AuthViewController.swift */,
				DBB198C226FDC6C200839C68 /* WelcomeViewController.swift */,
				DBB198C426FDC6CF00839C68 /* SettingsViewController.swift */,
				DBB198C626FDC6D900839C68 /* ProfileViewController.swift */,
				DBB198C826FDC6E800839C68 /* PlayerViewController.swift */,
				DBB198CA26FDC6F300839C68 /* PlaylistViewController.swift */,
				DBB198CC26FDC70000839C68 /* SearchResultsViewController.swift */,
			);
			path = Others;
			sourceTree = "<group>";
		};
/* End PBXGroup section */

/* Begin PBXNativeTarget section */
		DBB1989A26FDC4CF00839C68 /* SpotifyYoutube */ = {
			isa = PBXNativeTarget;
			buildConfigurationList = DBB198AF26FDC4D100839C68 /* Build configuration list for PBXNativeTarget "SpotifyYoutube" */;
			buildPhases = (
				DBB1989726FDC4CF00839C68 /* Sources */,
				DBB1989826FDC4CF00839C68 /* Frameworks */,
				DBB1989926FDC4CF00839C68 /* Resources */,
			);
			buildRules = (
			);
			dependencies = (
			);
			name = SpotifyYoutube;
			productName = SpotifyYoutube;
			productReference = DBB1989B26FDC4CF00839C68 /* SpotifyYoutube.app */;
			productType = "com.apple.product-type.application";
		};
/* End PBXNativeTarget section */

/* Begin PBXProject section */
		DBB1989326FDC4CF00839C68 /* Project object */ = {
			isa = PBXProject;
			attributes = {
				BuildIndependentTargetsInParallel = 1;
				LastSwiftUpdateCheck = 1300;
				LastUpgradeCheck = 1300;
				TargetAttributes = {
					DBB1989A26FDC4CF00839C68 = {
						CreatedOnToolsVersion = 13.0;
					};
				};
			};
			buildConfigurationList = DBB1989626FDC4CF00839C68 /* Build configuration list for PBXProject "SpotifyYoutube" */;
			compatibilityVersion = "Xcode 13.0";
			developmentRegion = en;
			hasScannedForEncodings = 0;
			knownRegions = (
				en,
				Base,
			);
			mainGroup = DBB1989226FDC4CF00839C68;
			productRefGroup = DBB1989C26FDC4CF00839C68 /* Products */;
			projectDirPath = "";
			projectRoot = "";
			targets = (
				DBB1989A26FDC4CF00839C68 /* SpotifyYoutube */,
			);
		};
/* End PBXProject section */

/* Begin PBXResourcesBuildPhase section */
		DBB1989926FDC4CF00839C68 /* Resources */ = {
			isa = PBXResourcesBuildPhase;
			buildActionMask = 2147483647;
			files = (
				DBB198AB26FDC4D100839C68 /* LaunchScreen.storyboard in Resources */,
				DBB198A826FDC4D100839C68 /* Assets.xcassets in Resources */,
			);
			runOnlyForDeploymentPostprocessing = 0;
		};
/* End PBXResourcesBuildPhase section */

/* Begin PBXSourcesBuildPhase section */
		DBB1989726FDC4CF00839C68 /* Sources */ = {
			isa = PBXSourcesBuildPhase;
			buildActionMask = 2147483647;
			files = (
				DBB198A326FDC4CF00839C68 /* HomeViewController.swift in Sources */,
				DBB198D526FDC79600839C68 /* Playlist.swift in Sources */,
				DBB198CF26FDC74200839C68 /* AuthManager.swift in Sources */,
				DBB198CD26FDC70000839C68 /* SearchResultsViewController.swift in Sources */,
				DBB198C326FDC6C200839C68 /* WelcomeViewController.swift in Sources */,
				DBB198C726FDC6D900839C68 /* ProfileViewController.swift in Sources */,
				DBB198BB26FDC5A400839C68 /* LibraryViewController.swift in Sources */,
				DBB198D326FDC75400839C68 /* HapticsManager.swift in Sources */,
				DBB198D726FDC7A200839C68 /* AudioTrack.swift in Sources */,
				DB1BBD192716D0A100BFC2A2 /* Extensions.swift in Sources */,
				DBB1989F26FDC4CF00839C68 /* AppDelegate.swift in Sources */,
				DBB198C126FDC6B700839C68 /* AuthViewController.swift in Sources */,
				DBB198B926FDC58E00839C68 /* SearchViewController.swift in Sources */,
				DBB198DB26FDC7AF00839C68 /* UserProfile.swift in Sources */,
				DBB198BD26FDC60F00839C68 /* TabBarViewController.swift in Sources */,
				DBB198D926FDC7A900839C68 /* Artist.swift in Sources */,
				DBB198CB26FDC6F300839C68 /* PlaylistViewController.swift in Sources */,
				DBB198A126FDC4CF00839C68 /* SceneDelegate.swift in Sources */,
				DBB198C926FDC6E800839C68 /* PlayerViewController.swift in Sources */,
				DBB198D126FDC74B00839C68 /* APICaller.swift in Sources */,
				DBB198C526FDC6CF00839C68 /* SettingsViewController.swift in Sources */,
			);
			runOnlyForDeploymentPostprocessing = 0;
		};
/* End PBXSourcesBuildPhase section */

/* Begin PBXVariantGroup section */
		DBB198A926FDC4D100839C68 /* LaunchScreen.storyboard */ = {
			isa = PBXVariantGroup;
			children = (
				DBB198AA26FDC4D100839C68 /* Base */,
			);
			name = LaunchScreen.storyboard;
			sourceTree = "<group>";
		};
/* End PBXVariantGroup section */

/* Begin XCBuildConfiguration section */
		DBB198AD26FDC4D100839C68 /* Debug */ = {
			isa = XCBuildConfiguration;
			buildSettings = {
				ALWAYS_SEARCH_USER_PATHS = NO;
				CLANG_ANALYZER_NONNULL = YES;
				CLANG_ANALYZER_NUMBER_OBJECT_CONVERSION = YES_AGGRESSIVE;
				CLANG_CXX_LANGUAGE_STANDARD = "gnu++17";
				CLANG_CXX_LIBRARY = "libc++";
				CLANG_ENABLE_MODULES = YES;
				CLANG_ENABLE_OBJC_ARC = YES;
				CLANG_ENABLE_OBJC_WEAK = YES;
				CLANG_WARN_BLOCK_CAPTURE_AUTORELEASING = YES;
				CLANG_WARN_BOOL_CONVERSION = YES;
				CLANG_WARN_COMMA = YES;
				CLANG_WARN_CONSTANT_CONVERSION = YES;
				CLANG_WARN_DEPRECATED_OBJC_IMPLEMENTATIONS = YES;
				CLANG_WARN_DIRECT_OBJC_ISA_USAGE = YES_ERROR;
				CLANG_WARN_DOCUMENTATION_COMMENTS = YES;
				CLANG_WARN_EMPTY_BODY = YES;
				CLANG_WARN_ENUM_CONVERSION = YES;
				CLANG_WARN_INFINITE_RECURSION = YES;
				CLANG_WARN_INT_CONVERSION = YES;
				CLANG_WARN_NON_LITERAL_NULL_CONVERSION = YES;
				CLANG_WARN_OBJC_IMPLICIT_RETAIN_SELF = YES;
				CLANG_WARN_OBJC_LITERAL_CONVERSION = YES;
				CLANG_WARN_OBJC_ROOT_CLASS = YES_ERROR;
				CLANG_WARN_QUOTED_INCLUDE_IN_FRAMEWORK_HEADER = YES;
				CLANG_WARN_RANGE_LOOP_ANALYSIS = YES;
				CLANG_WARN_STRICT_PROTOTYPES = YES;
				CLANG_WARN_SUSPICIOUS_MOVE = YES;
				CLANG_WARN_UNGUARDED_AVAILABILITY = YES_AGGRESSIVE;
				CLANG_WARN_UNREACHABLE_CODE = YES;
				CLANG_WARN__DUPLICATE_METHOD_MATCH = YES;
				COPY_PHASE_STRIP = NO;
				DEBUG_INFORMATION_FORMAT = dwarf;
				ENABLE_STRICT_OBJC_MSGSEND = YES;
				ENABLE_TESTABILITY = YES;
				GCC_C_LANGUAGE_STANDARD = gnu11;
				GCC_DYNAMIC_NO_PIC = NO;
				GCC_NO_COMMON_BLOCKS = YES;
				GCC_OPTIMIZATION_LEVEL = 0;
				GCC_PREPROCESSOR_DEFINITIONS = (
					"DEBUG=1",
					"$(inherited)",
				);
				GCC_WARN_64_TO_32_BIT_CONVERSION = YES;
				GCC_WARN_ABOUT_RETURN_TYPE = YES_ERROR;
				GCC_WARN_UNDECLARED_SELECTOR = YES;
				GCC_WARN_UNINITIALIZED_AUTOS = YES_AGGRESSIVE;
				GCC_WARN_UNUSED_FUNCTION = YES;
				GCC_WARN_UNUSED_VARIABLE = YES;
				IPHONEOS_DEPLOYMENT_TARGET = 15.0;
				MTL_ENABLE_DEBUG_INFO = INCLUDE_SOURCE;
				MTL_FAST_MATH = YES;
				ONLY_ACTIVE_ARCH = YES;
				SDKROOT = iphoneos;
				SWIFT_ACTIVE_COMPILATION_CONDITIONS = DEBUG;
				SWIFT_OPTIMIZATION_LEVEL = "-Onone";
			};
			name = Debug;
		};
		DBB198AE26FDC4D100839C68 /* Release */ = {
			isa = XCBuildConfiguration;
			buildSettings = {
				ALWAYS_SEARCH_USER_PATHS = NO;
				CLANG_ANALYZER_NONNULL = YES;
				CLANG_ANALYZER_NUMBER_OBJECT_CONVERSION = YES_AGGRESSIVE;
				CLANG_CXX_LANGUAGE_STANDARD = "gnu++17";
				CLANG_CXX_LIBRARY = "libc++";
				CLANG_ENABLE_MODULES = YES;
				CLANG_ENABLE_OBJC_ARC = YES;
				CLANG_ENABLE_OBJC_WEAK = YES;
				CLANG_WARN_BLOCK_CAPTURE_AUTORELEASING = YES;
				CLANG_WARN_BOOL_CONVERSION = YES;
				CLANG_WARN_COMMA = YES;
				CLANG_WARN_CONSTANT_CONVERSION = YES;
				CLANG_WARN_DEPRECATED_OBJC_IMPLEMENTATIONS = YES;
				CLANG_WARN_DIRECT_OBJC_ISA_USAGE = YES_ERROR;
				CLANG_WARN_DOCUMENTATION_COMMENTS = YES;
				CLANG_WARN_EMPTY_BODY = YES;
				CLANG_WARN_ENUM_CONVERSION = YES;
				CLANG_WARN_INFINITE_RECURSION = YES;
				CLANG_WARN_INT_CONVERSION = YES;
				CLANG_WARN_NON_LITERAL_NULL_CONVERSION = YES;
				CLANG_WARN_OBJC_IMPLICIT_RETAIN_SELF = YES;
				CLANG_WARN_OBJC_LITERAL_CONVERSION = YES;
				CLANG_WARN_OBJC_ROOT_CLASS = YES_ERROR;
				CLANG_WARN_QUOTED_INCLUDE_IN_FRAMEWORK_HEADER = YES;
				CLANG_WARN_RANGE_LOOP_ANALYSIS = YES;
				CLANG_WARN_STRICT_PROTOTYPES = YES;
				CLANG_WARN_SUSPICIOUS_MOVE = YES;
				CLANG_WARN_UNGUARDED_AVAILABILITY = YES_AGGRESSIVE;
				CLANG_WARN_UNREACHABLE_CODE = YES;
				CLANG_WARN__DUPLICATE_METHOD_MATCH = YES;
				COPY_PHASE_STRIP = NO;
				DEBUG_INFORMATION_FORMAT = "dwarf-with-dsym";
				ENABLE_NS_ASSERTIONS = NO;
				ENABLE_STRICT_OBJC_MSGSEND = YES;
				GCC_C_LANGUAGE_STANDARD = gnu11;
				GCC_NO_COMMON_BLOCKS = YES;
				GCC_WARN_64_TO_32_BIT_CONVERSION = YES;
				GCC_WARN_ABOUT_RETURN_TYPE = YES_ERROR;
				GCC_WARN_UNDECLARED_SELECTOR = YES;
				GCC_WARN_UNINITIALIZED_AUTOS = YES_AGGRESSIVE;
				GCC_WARN_UNUSED_FUNCTION = YES;
				GCC_WARN_UNUSED_VARIABLE = YES;
				IPHONEOS_DEPLOYMENT_TARGET = 15.0;
				MTL_ENABLE_DEBUG_INFO = NO;
				MTL_FAST_MATH = YES;
				SDKROOT = iphoneos;
				SWIFT_COMPILATION_MODE = wholemodule;
				SWIFT_OPTIMIZATION_LEVEL = "-O";
				VALIDATE_PRODUCT = YES;
			};
			name = Release;
		};
		DBB198B026FDC4D100839C68 /* Debug */ = {
			isa = XCBuildConfiguration;
			buildSettings = {
				ASSETCATALOG_COMPILER_APPICON_NAME = AppIcon;
				ASSETCATALOG_COMPILER_GLOBAL_ACCENT_COLOR_NAME = AccentColor;
				CODE_SIGN_STYLE = Automatic;
				CURRENT_PROJECT_VERSION = 1;
				DEVELOPMENT_TEAM = 5YP67MDYBC;
				GENERATE_INFOPLIST_FILE = YES;
				INFOPLIST_FILE = SpotifyYoutube/Info.plist;
				INFOPLIST_KEY_UIApplicationSupportsIndirectInputEvents = YES;
				INFOPLIST_KEY_UILaunchStoryboardName = LaunchScreen;
				INFOPLIST_KEY_UISupportedInterfaceOrientations_iPad = "UIInterfaceOrientationPortrait UIInterfaceOrientationPortraitUpsideDown UIInterfaceOrientationLandscapeLeft UIInterfaceOrientationLandscapeRight";
				INFOPLIST_KEY_UISupportedInterfaceOrientations_iPhone = "UIInterfaceOrientationPortrait UIInterfaceOrientationLandscapeLeft UIInterfaceOrientationLandscapeRight";
				LD_RUNPATH_SEARCH_PATHS = (
					"$(inherited)",
					"@executable_path/Frameworks",
				);
				MARKETING_VERSION = 1.0;
				PRODUCT_BUNDLE_IDENTIFIER = com.kimhwan.SpotifyYoutube;
				PRODUCT_NAME = "$(TARGET_NAME)";
				SWIFT_EMIT_LOC_STRINGS = YES;
				SWIFT_VERSION = 5.0;
				TARGETED_DEVICE_FAMILY = "1,2";
			};
			name = Debug;
		};
		DBB198B126FDC4D100839C68 /* Release */ = {
			isa = XCBuildConfiguration;
			buildSettings = {
				ASSETCATALOG_COMPILER_APPICON_NAME = AppIcon;
				ASSETCATALOG_COMPILER_GLOBAL_ACCENT_COLOR_NAME = AccentColor;
				CODE_SIGN_STYLE = Automatic;
				CURRENT_PROJECT_VERSION = 1;
				DEVELOPMENT_TEAM = 5YP67MDYBC;
				GENERATE_INFOPLIST_FILE = YES;
				INFOPLIST_FILE = SpotifyYoutube/Info.plist;
				INFOPLIST_KEY_UIApplicationSupportsIndirectInputEvents = YES;
				INFOPLIST_KEY_UILaunchStoryboardName = LaunchScreen;
				INFOPLIST_KEY_UISupportedInterfaceOrientations_iPad = "UIInterfaceOrientationPortrait UIInterfaceOrientationPortraitUpsideDown UIInterfaceOrientationLandscapeLeft UIInterfaceOrientationLandscapeRight";
				INFOPLIST_KEY_UISupportedInterfaceOrientations_iPhone = "UIInterfaceOrientationPortrait UIInterfaceOrientationLandscapeLeft UIInterfaceOrientationLandscapeRight";
				LD_RUNPATH_SEARCH_PATHS = (
					"$(inherited)",
					"@executable_path/Frameworks",
				);
				MARKETING_VERSION = 1.0;
				PRODUCT_BUNDLE_IDENTIFIER = com.kimhwan.SpotifyYoutube;
				PRODUCT_NAME = "$(TARGET_NAME)";
				SWIFT_EMIT_LOC_STRINGS = YES;
				SWIFT_VERSION = 5.0;
				TARGETED_DEVICE_FAMILY = "1,2";
			};
			name = Release;
		};
/* End XCBuildConfiguration section */

/* Begin XCConfigurationList section */
		DBB1989626FDC4CF00839C68 /* Build configuration list for PBXProject "SpotifyYoutube" */ = {
			isa = XCConfigurationList;
			buildConfigurations = (
				DBB198AD26FDC4D100839C68 /* Debug */,
				DBB198AE26FDC4D100839C68 /* Release */,
			);
			defaultConfigurationIsVisible = 0;
			defaultConfigurationName = Release;
		};
		DBB198AF26FDC4D100839C68 /* Build configuration list for PBXNativeTarget "SpotifyYoutube" */ = {
			isa = XCConfigurationList;
			buildConfigurations = (
				DBB198B026FDC4D100839C68 /* Debug */,
				DBB198B126FDC4D100839C68 /* Release */,
			);
			defaultConfigurationIsVisible = 0;
			defaultConfigurationName = Release;
		};
/* End XCConfigurationList section */
	};
	rootObject = DBB1989326FDC4CF00839C68 /* Project object */;
}
